
Microsoft Visual Studio Solution File, Format Version 12.00
# Visual Studio Version 17
VisualStudioVersion = 17.0.31903.59
MinimumVisualStudioVersion = 10.0.40219.1
Project("{FAE04EC0-301F-11D3-BF4B-00C04F79EFBC}") = "DirtBikePark", "DirtBikePark\DirtBikePark.csproj", "{AE412193-C16A-8AA3-65E4-5BBAC152047F}"
EndProject
Project("{FAE04EC0-301F-11D3-BF4B-00C04F79EFBC}") = "DirtBikeTests", "DirtBikeTests\DirtBikeTests.csproj", "{65E4CF7E-CA72-43EB-89AE-C57D031F9814}"
EndProject
Global
	GlobalSection(SolutionConfigurationPlatforms) = preSolution
		Debug|Any CPU = Debug|Any CPU
		Release|Any CPU = Release|Any CPU
	EndGlobalSection
	GlobalSection(ProjectConfigurationPlatforms) = postSolution
		{AE412193-C16A-8AA3-65E4-5BBAC152047F}.Debug|Any CPU.ActiveCfg = Debug|Any CPU
		{AE412193-C16A-8AA3-65E4-5BBAC152047F}.Debug|Any CPU.Build.0 = Debug|Any CPU
		{AE412193-C16A-8AA3-65E4-5BBAC152047F}.Release|Any CPU.ActiveCfg = Release|Any CPU
		{AE412193-C16A-8AA3-65E4-5BBAC152047F}.Release|Any CPU.Build.0 = Release|Any CPU
		{65E4CF7E-CA72-43EB-89AE-C57D031F9814}.Debug|Any CPU.ActiveCfg = Debug|Any CPU
		{65E4CF7E-CA72-43EB-89AE-C57D031F9814}.Debug|Any CPU.Build.0 = Debug|Any CPU
		{65E4CF7E-CA72-43EB-89AE-C57D031F9814}.Release|Any CPU.ActiveCfg = Release|Any CPU
		{65E4CF7E-CA72-43EB-89AE-C57D031F9814}.Release|Any CPU.Build.0 = Release|Any CPU
	EndGlobalSection
	GlobalSection(SolutionProperties) = preSolution
		HideSolutionNode = FALSE
	EndGlobalSection
	GlobalSection(ExtensibilityGlobals) = postSolution
		SolutionGuid = {55C03748-204F-4082-A253-D47E2C6D4C08}
	EndGlobalSection
EndGlobal
